// !$*UTF8*$!
{
	archiveVersion = 1;
	classes = {
	};
	objectVersion = 46;
	objects = {

/* Begin PBXBuildFile section */
		242DD05F1B18E73D00FC376C /* Fire.sks in Resources */ = {isa = PBXBuildFile; fileRef = 242DD05D1B18E73D00FC376C /* Fire.sks */; };
		242DD0601B18E73D00FC376C /* spark.png in Resources */ = {isa = PBXBuildFile; fileRef = 242DD05E1B18E73D00FC376C /* spark.png */; };
		242DD0621B18EB9E00FC376C /* Smoke.sks in Resources */ = {isa = PBXBuildFile; fileRef = 242DD0611B18EB9E00FC376C /* Smoke.sks */; };
		243D89161B0E658E00B2FE01 /* Title.swift in Sources */ = {isa = PBXBuildFile; fileRef = 243D89151B0E658E00B2FE01 /* Title.swift */; };
		2490179C1B0A662E00CDA657 /* Route.swift in Sources */ = {isa = PBXBuildFile; fileRef = 2490179B1B0A662E00CDA657 /* Route.swift */; };
		24CC52F31B13936D00EF6D88 /* Box.swift in Sources */ = {isa = PBXBuildFile; fileRef = 24CC52F21B13936D00EF6D88 /* Box.swift */; };
		24CC52F61B13B0BA00EF6D88 /* Redirect.swift in Sources */ = {isa = PBXBuildFile; fileRef = 24CC52F51B13B0BA00EF6D88 /* Redirect.swift */; };
		24D012CC1B0CF3C400AAB33B /* Life.swift in Sources */ = {isa = PBXBuildFile; fileRef = 24D012CB1B0CF3C400AAB33B /* Life.swift */; };
		24D647301B0A7B8500BB72CF /* GameScene.sks in Resources */ = {isa = PBXBuildFile; fileRef = 24D6472F1B0A7B8500BB72CF /* GameScene.sks */; };
		24D7F5241B051844000240B5 /* AppDelegate.swift in Sources */ = {isa = PBXBuildFile; fileRef = 24D7F5231B051844000240B5 /* AppDelegate.swift */; };
		24D7F5281B051844000240B5 /* Stage1.swift in Sources */ = {isa = PBXBuildFile; fileRef = 24D7F5271B051844000240B5 /* Stage1.swift */; };
		24D7F52A1B051844000240B5 /* GameViewController.swift in Sources */ = {isa = PBXBuildFile; fileRef = 24D7F5291B051844000240B5 /* GameViewController.swift */; };
		24D7F52D1B051844000240B5 /* Main.storyboard in Resources */ = {isa = PBXBuildFile; fileRef = 24D7F52B1B051844000240B5 /* Main.storyboard */; };
		24D7F52F1B051844000240B5 /* Images.xcassets in Resources */ = {isa = PBXBuildFile; fileRef = 24D7F52E1B051844000240B5 /* Images.xcassets */; };
		24D7F5321B051844000240B5 /* LaunchScreen.xib in Resources */ = {isa = PBXBuildFile; fileRef = 24D7F5301B051844000240B5 /* LaunchScreen.xib */; };
		24D7F53E1B051844000240B5 /* RocketTests.swift in Sources */ = {isa = PBXBuildFile; fileRef = 24D7F53D1B051844000240B5 /* RocketTests.swift */; };
		24DE3E1E1B0A529B00A32049 /* Stage2.swift in Sources */ = {isa = PBXBuildFile; fileRef = 24DE3E1D1B0A529B00A32049 /* Stage2.swift */; };
		24E148F91B0FB5720025CC1E /* PauseButton.swift in Sources */ = {isa = PBXBuildFile; fileRef = 24E148F81B0FB5720025CC1E /* PauseButton.swift */; };
		24E148FB1B0FB8EC0025CC1E /* Introduction.swift in Sources */ = {isa = PBXBuildFile; fileRef = 24E148FA1B0FB8EC0025CC1E /* Introduction.swift */; };
		24E1A38B1B0BA40500DE274B /* Stage3.swift in Sources */ = {isa = PBXBuildFile; fileRef = 24E1A38A1B0BA40500DE274B /* Stage3.swift */; };
		24E1A38D1B0BAC3B00DE274B /* Question.swift in Sources */ = {isa = PBXBuildFile; fileRef = 24E1A38C1B0BAC3B00DE274B /* Question.swift */; };
		24F547D61B14F7D200C23ECD /* PauseNode.swift in Sources */ = {isa = PBXBuildFile; fileRef = 24F547D51B14F7D200C23ECD /* PauseNode.swift */; };
		521770551B0AC13300D8A7B5 /* rightBox.mp3 in Resources */ = {isa = PBXBuildFile; fileRef = 521770531B0AC13300D8A7B5 /* rightBox.mp3 */; };
		521770561B0AC13300D8A7B5 /* wrongBox.mp3 in Resources */ = {isa = PBXBuildFile; fileRef = 521770541B0AC13300D8A7B5 /* wrongBox.mp3 */; };
		5262B51F1B0D0A1C002BB667 /* Timer.swift in Sources */ = {isa = PBXBuildFile; fileRef = 5262B51E1B0D0A1C002BB667 /* Timer.swift */; };
		52E63AD91B16A6B000C4DADD /* CoreData.framework in Frameworks */ = {isa = PBXBuildFile; fileRef = 52E63AD81B16A6B000C4DADD /* CoreData.framework */; };
		52E63ADC1B16A6D500C4DADD /* Model.xcdatamodeld in Sources */ = {isa = PBXBuildFile; fileRef = 52E63ADA1B16A6D500C4DADD /* Model.xcdatamodeld */; };
		52E63AE61B16B86500C4DADD /* Manager.swift in Sources */ = {isa = PBXBuildFile; fileRef = 52E63AE51B16B86500C4DADD /* Manager.swift */; };
		E31E54FB1B1389530087776C /* StageSelection.swift in Sources */ = {isa = PBXBuildFile; fileRef = E31E54FA1B1389530087776C /* StageSelection.swift */; };
		E31E54FD1B1389EF0087776C /* StageNode.swift in Sources */ = {isa = PBXBuildFile; fileRef = E31E54FC1B1389EF0087776C /* StageNode.swift */; };
		E38C03911B051E26004CF63E /* Equations.swift in Sources */ = {isa = PBXBuildFile; fileRef = E38C03901B051E26004CF63E /* Equations.swift */; };
		E3FCFA591B1787130028FE32 /* Levels.swift in Sources */ = {isa = PBXBuildFile; fileRef = E3FCFA581B1787130028FE32 /* Levels.swift */; };
/* End PBXBuildFile section */

/* Begin PBXContainerItemProxy section */
		24D7F5381B051844000240B5 /* PBXContainerItemProxy */ = {
			isa = PBXContainerItemProxy;
			containerPortal = 24D7F5161B051844000240B5 /* Project object */;
			proxyType = 1;
			remoteGlobalIDString = 24D7F51D1B051844000240B5;
			remoteInfo = Rocket;
		};
/* End PBXContainerItemProxy section */

/* Begin PBXFileReference section */
		242DD05D1B18E73D00FC376C /* Fire.sks */ = {isa = PBXFileReference; lastKnownFileType = file.sks; path = Fire.sks; sourceTree = "<group>"; };
		242DD05E1B18E73D00FC376C /* spark.png */ = {isa = PBXFileReference; lastKnownFileType = image.png; path = spark.png; sourceTree = "<group>"; };
		242DD0611B18EB9E00FC376C /* Smoke.sks */ = {isa = PBXFileReference; lastKnownFileType = file.sks; path = Smoke.sks; sourceTree = "<group>"; };
		243D89151B0E658E00B2FE01 /* Title.swift */ = {isa = PBXFileReference; fileEncoding = 4; lastKnownFileType = sourcecode.swift; path = Title.swift; sourceTree = "<group>"; };
		2490179B1B0A662E00CDA657 /* Route.swift */ = {isa = PBXFileReference; fileEncoding = 4; lastKnownFileType = sourcecode.swift; path = Route.swift; sourceTree = "<group>"; };
		24CC52F21B13936D00EF6D88 /* Box.swift */ = {isa = PBXFileReference; fileEncoding = 4; lastKnownFileType = sourcecode.swift; path = Box.swift; sourceTree = "<group>"; };
		24CC52F51B13B0BA00EF6D88 /* Redirect.swift */ = {isa = PBXFileReference; fileEncoding = 4; lastKnownFileType = sourcecode.swift; path = Redirect.swift; sourceTree = "<group>"; };
		24D012CB1B0CF3C400AAB33B /* Life.swift */ = {isa = PBXFileReference; fileEncoding = 4; lastKnownFileType = sourcecode.swift; path = Life.swift; sourceTree = "<group>"; };
		24D6472F1B0A7B8500BB72CF /* GameScene.sks */ = {isa = PBXFileReference; lastKnownFileType = file.sks; path = GameScene.sks; sourceTree = "<group>"; };
		24D7F51E1B051844000240B5 /* Rocket.app */ = {isa = PBXFileReference; explicitFileType = wrapper.application; includeInIndex = 0; path = Rocket.app; sourceTree = BUILT_PRODUCTS_DIR; };
		24D7F5221B051844000240B5 /* Info.plist */ = {isa = PBXFileReference; lastKnownFileType = text.plist.xml; path = Info.plist; sourceTree = "<group>"; };
		24D7F5231B051844000240B5 /* AppDelegate.swift */ = {isa = PBXFileReference; lastKnownFileType = sourcecode.swift; path = AppDelegate.swift; sourceTree = "<group>"; };
		24D7F5271B051844000240B5 /* Stage1.swift */ = {isa = PBXFileReference; lastKnownFileType = sourcecode.swift; name = Stage1.swift; path = Rocket/Stage1.swift; sourceTree = "<group>"; };
		24D7F5291B051844000240B5 /* GameViewController.swift */ = {isa = PBXFileReference; lastKnownFileType = sourcecode.swift; path = GameViewController.swift; sourceTree = "<group>"; };
		24D7F52C1B051844000240B5 /* Base */ = {isa = PBXFileReference; lastKnownFileType = file.storyboard; name = Base; path = Base.lproj/Main.storyboard; sourceTree = "<group>"; };
		24D7F52E1B051844000240B5 /* Images.xcassets */ = {isa = PBXFileReference; lastKnownFileType = folder.assetcatalog; path = Images.xcassets; sourceTree = "<group>"; };
		24D7F5311B051844000240B5 /* Base */ = {isa = PBXFileReference; lastKnownFileType = file.xib; name = Base; path = Base.lproj/LaunchScreen.xib; sourceTree = "<group>"; };
		24D7F5371B051844000240B5 /* RocketTests.xctest */ = {isa = PBXFileReference; explicitFileType = wrapper.cfbundle; includeInIndex = 0; path = RocketTests.xctest; sourceTree = BUILT_PRODUCTS_DIR; };
		24D7F53C1B051844000240B5 /* Info.plist */ = {isa = PBXFileReference; lastKnownFileType = text.plist.xml; path = Info.plist; sourceTree = "<group>"; };
		24D7F53D1B051844000240B5 /* RocketTests.swift */ = {isa = PBXFileReference; lastKnownFileType = sourcecode.swift; path = RocketTests.swift; sourceTree = "<group>"; };
		24DE3E1D1B0A529B00A32049 /* Stage2.swift */ = {isa = PBXFileReference; fileEncoding = 4; lastKnownFileType = sourcecode.swift; path = Stage2.swift; sourceTree = "<group>"; };
		24E148F81B0FB5720025CC1E /* PauseButton.swift */ = {isa = PBXFileReference; fileEncoding = 4; lastKnownFileType = sourcecode.swift; path = PauseButton.swift; sourceTree = "<group>"; };
		24E148FA1B0FB8EC0025CC1E /* Introduction.swift */ = {isa = PBXFileReference; fileEncoding = 4; lastKnownFileType = sourcecode.swift; path = Introduction.swift; sourceTree = "<group>"; };
		24E1A38A1B0BA40500DE274B /* Stage3.swift */ = {isa = PBXFileReference; fileEncoding = 4; lastKnownFileType = sourcecode.swift; path = Stage3.swift; sourceTree = "<group>"; };
		24E1A38C1B0BAC3B00DE274B /* Question.swift */ = {isa = PBXFileReference; fileEncoding = 4; lastKnownFileType = sourcecode.swift; path = Question.swift; sourceTree = "<group>"; };
		24F547D51B14F7D200C23ECD /* PauseNode.swift */ = {isa = PBXFileReference; fileEncoding = 4; lastKnownFileType = sourcecode.swift; path = PauseNode.swift; sourceTree = "<group>"; };
		521770531B0AC13300D8A7B5 /* rightBox.mp3 */ = {isa = PBXFileReference; lastKnownFileType = audio.mp3; name = rightBox.mp3; path = sfx/rightBox.mp3; sourceTree = "<group>"; };
		521770541B0AC13300D8A7B5 /* wrongBox.mp3 */ = {isa = PBXFileReference; lastKnownFileType = audio.mp3; name = wrongBox.mp3; path = sfx/wrongBox.mp3; sourceTree = "<group>"; };
		5262B51E1B0D0A1C002BB667 /* Timer.swift */ = {isa = PBXFileReference; fileEncoding = 4; lastKnownFileType = sourcecode.swift; path = Timer.swift; sourceTree = "<group>"; };
		52E63AD81B16A6B000C4DADD /* CoreData.framework */ = {isa = PBXFileReference; lastKnownFileType = wrapper.framework; name = CoreData.framework; path = System/Library/Frameworks/CoreData.framework; sourceTree = SDKROOT; };
		52E63ADB1B16A6D500C4DADD /* Model.xcdatamodel */ = {isa = PBXFileReference; lastKnownFileType = wrapper.xcdatamodel; path = Model.xcdatamodel; sourceTree = "<group>"; };
		52E63AE51B16B86500C4DADD /* Manager.swift */ = {isa = PBXFileReference; fileEncoding = 4; lastKnownFileType = sourcecode.swift; path = Manager.swift; sourceTree = "<group>"; };
		E31E54FA1B1389530087776C /* StageSelection.swift */ = {isa = PBXFileReference; fileEncoding = 4; lastKnownFileType = sourcecode.swift; path = StageSelection.swift; sourceTree = "<group>"; };
		E31E54FC1B1389EF0087776C /* StageNode.swift */ = {isa = PBXFileReference; fileEncoding = 4; lastKnownFileType = sourcecode.swift; path = StageNode.swift; sourceTree = "<group>"; };
		E38C03901B051E26004CF63E /* Equations.swift */ = {isa = PBXFileReference; fileEncoding = 4; lastKnownFileType = sourcecode.swift; path = Equations.swift; sourceTree = "<group>"; };
		E3FCFA581B1787130028FE32 /* Levels.swift */ = {isa = PBXFileReference; fileEncoding = 4; lastKnownFileType = sourcecode.swift; path = Levels.swift; sourceTree = "<group>"; };
/* End PBXFileReference section */

/* Begin PBXFrameworksBuildPhase section */
		24D7F51B1B051844000240B5 /* Frameworks */ = {
			isa = PBXFrameworksBuildPhase;
			buildActionMask = 2147483647;
			files = (
				52E63AD91B16A6B000C4DADD /* CoreData.framework in Frameworks */,
			);
			runOnlyForDeploymentPostprocessing = 0;
		};
		24D7F5341B051844000240B5 /* Frameworks */ = {
			isa = PBXFrameworksBuildPhase;
			buildActionMask = 2147483647;
			files = (
			);
			runOnlyForDeploymentPostprocessing = 0;
		};
/* End PBXFrameworksBuildPhase section */

/* Begin PBXGroup section */
		242DD05C1B18E71E00FC376C /* Particles */ = {
			isa = PBXGroup;
			children = (
				242DD05D1B18E73D00FC376C /* Fire.sks */,
				242DD05E1B18E73D00FC376C /* spark.png */,
				242DD0611B18EB9E00FC376C /* Smoke.sks */,
			);
			name = Particles;
			sourceTree = "<group>";
		};
		24CC52F81B13C48000EF6D88 /* Stage Selection */ = {
			isa = PBXGroup;
			children = (
				E31E54FC1B1389EF0087776C /* StageNode.swift */,
				E31E54FA1B1389530087776C /* StageSelection.swift */,
			);
			name = "Stage Selection";
			sourceTree = "<group>";
		};
		24D012CA1B0CF3B000AAB33B /* Aux Class */ = {
			isa = PBXGroup;
			children = (
				24D012CB1B0CF3C400AAB33B /* Life.swift */,
				5262B51E1B0D0A1C002BB667 /* Timer.swift */,
				243D89151B0E658E00B2FE01 /* Title.swift */,
				24E148F81B0FB5720025CC1E /* PauseButton.swift */,
				24CC52F51B13B0BA00EF6D88 /* Redirect.swift */,
				24F547D51B14F7D200C23ECD /* PauseNode.swift */,
			);
			name = "Aux Class";
			sourceTree = "<group>";
		};
		24D647311B0A7C8F00BB72CF /* Introduction */ = {
			isa = PBXGroup;
			children = (
				24D6472F1B0A7B8500BB72CF /* GameScene.sks */,
				24E148FA1B0FB8EC0025CC1E /* Introduction.swift */,
			);
			name = Introduction;
			sourceTree = "<group>";
		};
		24D7F5151B051844000240B5 = {
			isa = PBXGroup;
			children = (
				24D7F5201B051844000240B5 /* Rocket */,
				24D7F53A1B051844000240B5 /* RocketTests */,
				24D7F51F1B051844000240B5 /* Products */,
			);
			sourceTree = "<group>";
		};
		24D7F51F1B051844000240B5 /* Products */ = {
			isa = PBXGroup;
			children = (
				24D7F51E1B051844000240B5 /* Rocket.app */,
				24D7F5371B051844000240B5 /* RocketTests.xctest */,
			);
			name = Products;
			sourceTree = "<group>";
		};
		24D7F5201B051844000240B5 /* Rocket */ = {
			isa = PBXGroup;
			children = (
				524192DE1B8BA4A900035C8C /* CoreData */,
				242DD05C1B18E71E00FC376C /* Particles */,
				24D012CA1B0CF3B000AAB33B /* Aux Class */,
				521770571B0AC2AB00D8A7B5 /* SFX */,
				24D647311B0A7C8F00BB72CF /* Introduction */,
				24CC52F81B13C48000EF6D88 /* Stage Selection */,
				24DE3E191B0A521200A32049 /* Fase 1 */,
				24DE3E1A1B0A522B00A32049 /* Fase 2 */,
				24E1A3891B0BA3E900DE274B /* Fase 3 */,
				E38C038F1B051DFD004CF63E /* Equations */,
				24D7F5231B051844000240B5 /* AppDelegate.swift */,
				24D7F5291B051844000240B5 /* GameViewController.swift */,
				24D7F52B1B051844000240B5 /* Main.storyboard */,
				24D7F52E1B051844000240B5 /* Images.xcassets */,
				24D7F5301B051844000240B5 /* LaunchScreen.xib */,
				24D7F5211B051844000240B5 /* Supporting Files */,
			);
			path = Rocket;
			sourceTree = "<group>";
		};
		24D7F5211B051844000240B5 /* Supporting Files */ = {
			isa = PBXGroup;
			children = (
				24D7F5221B051844000240B5 /* Info.plist */,
			);
			name = "Supporting Files";
			sourceTree = "<group>";
		};
		24D7F53A1B051844000240B5 /* RocketTests */ = {
			isa = PBXGroup;
			children = (
				24D7F53D1B051844000240B5 /* RocketTests.swift */,
				24D7F53B1B051844000240B5 /* Supporting Files */,
			);
			path = RocketTests;
			sourceTree = "<group>";
		};
		24D7F53B1B051844000240B5 /* Supporting Files */ = {
			isa = PBXGroup;
			children = (
				24D7F53C1B051844000240B5 /* Info.plist */,
			);
			name = "Supporting Files";
			sourceTree = "<group>";
		};
		24DE3E191B0A521200A32049 /* Fase 1 */ = {
			isa = PBXGroup;
			children = (
				24D7F5271B051844000240B5 /* Stage1.swift */,
				24CC52F21B13936D00EF6D88 /* Box.swift */,
			);
			name = "Fase 1";
			path = ..;
			sourceTree = "<group>";
		};
		24DE3E1A1B0A522B00A32049 /* Fase 2 */ = {
			isa = PBXGroup;
			children = (
				24DE3E1D1B0A529B00A32049 /* Stage2.swift */,
				2490179B1B0A662E00CDA657 /* Route.swift */,
			);
			name = "Fase 2";
			sourceTree = "<group>";
		};
		24E1A3891B0BA3E900DE274B /* Fase 3 */ = {
			isa = PBXGroup;
			children = (
				24E1A38A1B0BA40500DE274B /* Stage3.swift */,
				24E1A38C1B0BAC3B00DE274B /* Question.swift */,
			);
			name = "Fase 3";
			sourceTree = "<group>";
		};
		521770571B0AC2AB00D8A7B5 /* SFX */ = {
			isa = PBXGroup;
			children = (
				521770531B0AC13300D8A7B5 /* rightBox.mp3 */,
				521770541B0AC13300D8A7B5 /* wrongBox.mp3 */,
			);
			name = SFX;
			path = ..;
			sourceTree = "<group>";
		};
		524192DE1B8BA4A900035C8C /* CoreData */ = {
			isa = PBXGroup;
			children = (
				52E63ADA1B16A6D500C4DADD /* Model.xcdatamodeld */,
				52E63AE51B16B86500C4DADD /* Manager.swift */,
				52E63AD81B16A6B000C4DADD /* CoreData.framework */,
				E3FCFA581B1787130028FE32 /* Levels.swift */,
			);
			name = CoreData;
			path = ..;
			sourceTree = "<group>";
		};
		E38C038F1B051DFD004CF63E /* Equations */ = {
			isa = PBXGroup;
			children = (
				E38C03901B051E26004CF63E /* Equations.swift */,
			);
			name = Equations;
			sourceTree = "<group>";
		};
/* End PBXGroup section */

/* Begin PBXNativeTarget section */
		24D7F51D1B051844000240B5 /* Rocket */ = {
			isa = PBXNativeTarget;
			buildConfigurationList = 24D7F5411B051844000240B5 /* Build configuration list for PBXNativeTarget "Rocket" */;
			buildPhases = (
				24D7F51A1B051844000240B5 /* Sources */,
				24D7F51B1B051844000240B5 /* Frameworks */,
				24D7F51C1B051844000240B5 /* Resources */,
			);
			buildRules = (
			);
			dependencies = (
			);
			name = Rocket;
			productName = Rocket;
			productReference = 24D7F51E1B051844000240B5 /* Rocket.app */;
			productType = "com.apple.product-type.application";
		};
		24D7F5361B051844000240B5 /* RocketTests */ = {
			isa = PBXNativeTarget;
			buildConfigurationList = 24D7F5441B051844000240B5 /* Build configuration list for PBXNativeTarget "RocketTests" */;
			buildPhases = (
				24D7F5331B051844000240B5 /* Sources */,
				24D7F5341B051844000240B5 /* Frameworks */,
				24D7F5351B051844000240B5 /* Resources */,
			);
			buildRules = (
			);
			dependencies = (
				24D7F5391B051844000240B5 /* PBXTargetDependency */,
			);
			name = RocketTests;
			productName = RocketTests;
			productReference = 24D7F5371B051844000240B5 /* RocketTests.xctest */;
			productType = "com.apple.product-type.bundle.unit-test";
		};
/* End PBXNativeTarget section */

/* Begin PBXProject section */
		24D7F5161B051844000240B5 /* Project object */ = {
			isa = PBXProject;
			attributes = {
				LastSwiftMigration = 0700;
				LastSwiftUpdateCheck = 0700;
				LastUpgradeCheck = 0700;
				ORGANIZATIONNAME = "Andre Lucas Ota";
				TargetAttributes = {
					24D7F51D1B051844000240B5 = {
						CreatedOnToolsVersion = 6.3.1;
					};
					24D7F5361B051844000240B5 = {
						CreatedOnToolsVersion = 6.3.1;
						TestTargetID = 24D7F51D1B051844000240B5;
					};
				};
			};
			buildConfigurationList = 24D7F5191B051844000240B5 /* Build configuration list for PBXProject "Rocket" */;
			compatibilityVersion = "Xcode 3.2";
			developmentRegion = English;
			hasScannedForEncodings = 0;
			knownRegions = (
				en,
				Base,
			);
			mainGroup = 24D7F5151B051844000240B5;
			productRefGroup = 24D7F51F1B051844000240B5 /* Products */;
			projectDirPath = "";
			projectRoot = "";
			targets = (
				24D7F51D1B051844000240B5 /* Rocket */,
				24D7F5361B051844000240B5 /* RocketTests */,
			);
		};
/* End PBXProject section */

/* Begin PBXResourcesBuildPhase section */
		24D7F51C1B051844000240B5 /* Resources */ = {
			isa = PBXResourcesBuildPhase;
			buildActionMask = 2147483647;
			files = (
				521770561B0AC13300D8A7B5 /* wrongBox.mp3 in Resources */,
				242DD0601B18E73D00FC376C /* spark.png in Resources */,
				521770551B0AC13300D8A7B5 /* rightBox.mp3 in Resources */,
				242DD05F1B18E73D00FC376C /* Fire.sks in Resources */,
				242DD0621B18EB9E00FC376C /* Smoke.sks in Resources */,
				24D7F5321B051844000240B5 /* LaunchScreen.xib in Resources */,
				24D647301B0A7B8500BB72CF /* GameScene.sks in Resources */,
				24D7F52F1B051844000240B5 /* Images.xcassets in Resources */,
				24D7F52D1B051844000240B5 /* Main.storyboard in Resources */,
			);
			runOnlyForDeploymentPostprocessing = 0;
		};
		24D7F5351B051844000240B5 /* Resources */ = {
			isa = PBXResourcesBuildPhase;
			buildActionMask = 2147483647;
			files = (
			);
			runOnlyForDeploymentPostprocessing = 0;
		};
/* End PBXResourcesBuildPhase section */

/* Begin PBXSourcesBuildPhase section */
		24D7F51A1B051844000240B5 /* Sources */ = {
			isa = PBXSourcesBuildPhase;
			buildActionMask = 2147483647;
			files = (
				24D7F5281B051844000240B5 /* Stage1.swift in Sources */,
				24CC52F31B13936D00EF6D88 /* Box.swift in Sources */,
				24E1A38D1B0BAC3B00DE274B /* Question.swift in Sources */,
				24E148FB1B0FB8EC0025CC1E /* Introduction.swift in Sources */,
				52E63AE61B16B86500C4DADD /* Manager.swift in Sources */,
				243D89161B0E658E00B2FE01 /* Title.swift in Sources */,
				24DE3E1E1B0A529B00A32049 /* Stage2.swift in Sources */,
				24CC52F61B13B0BA00EF6D88 /* Redirect.swift in Sources */,
				5262B51F1B0D0A1C002BB667 /* Timer.swift in Sources */,
				24D7F52A1B051844000240B5 /* GameViewController.swift in Sources */,
				24E1A38B1B0BA40500DE274B /* Stage3.swift in Sources */,
				2490179C1B0A662E00CDA657 /* Route.swift in Sources */,
				E31E54FD1B1389EF0087776C /* StageNode.swift in Sources */,
				E31E54FB1B1389530087776C /* StageSelection.swift in Sources */,
				24E148F91B0FB5720025CC1E /* PauseButton.swift in Sources */,
				E3FCFA591B1787130028FE32 /* Levels.swift in Sources */,
				24F547D61B14F7D200C23ECD /* PauseNode.swift in Sources */,
				24D012CC1B0CF3C400AAB33B /* Life.swift in Sources */,
				24D7F5241B051844000240B5 /* AppDelegate.swift in Sources */,
				52E63ADC1B16A6D500C4DADD /* Model.xcdatamodeld in Sources */,
				E38C03911B051E26004CF63E /* Equations.swift in Sources */,
			);
			runOnlyForDeploymentPostprocessing = 0;
		};
		24D7F5331B051844000240B5 /* Sources */ = {
			isa = PBXSourcesBuildPhase;
			buildActionMask = 2147483647;
			files = (
				24D7F53E1B051844000240B5 /* RocketTests.swift in Sources */,
			);
			runOnlyForDeploymentPostprocessing = 0;
		};
/* End PBXSourcesBuildPhase section */

/* Begin PBXTargetDependency section */
		24D7F5391B051844000240B5 /* PBXTargetDependency */ = {
			isa = PBXTargetDependency;
			target = 24D7F51D1B051844000240B5 /* Rocket */;
			targetProxy = 24D7F5381B051844000240B5 /* PBXContainerItemProxy */;
		};
/* End PBXTargetDependency section */

/* Begin PBXVariantGroup section */
		24D7F52B1B051844000240B5 /* Main.storyboard */ = {
			isa = PBXVariantGroup;
			children = (
				24D7F52C1B051844000240B5 /* Base */,
			);
			name = Main.storyboard;
			sourceTree = "<group>";
		};
		24D7F5301B051844000240B5 /* LaunchScreen.xib */ = {
			isa = PBXVariantGroup;
			children = (
				24D7F5311B051844000240B5 /* Base */,
			);
			name = LaunchScreen.xib;
			sourceTree = "<group>";
		};
/* End PBXVariantGroup section */

/* Begin XCBuildConfiguration section */
		24D7F53F1B051844000240B5 /* Debug */ = {
			isa = XCBuildConfiguration;
			buildSettings = {
				ALWAYS_SEARCH_USER_PATHS = NO;
				CLANG_CXX_LANGUAGE_STANDARD = "gnu++0x";
				CLANG_CXX_LIBRARY = "libc++";
				CLANG_ENABLE_MODULES = YES;
				CLANG_ENABLE_OBJC_ARC = YES;
				CLANG_WARN_BOOL_CONVERSION = YES;
				CLANG_WARN_CONSTANT_CONVERSION = YES;
				CLANG_WARN_DIRECT_OBJC_ISA_USAGE = YES_ERROR;
				CLANG_WARN_EMPTY_BODY = YES;
				CLANG_WARN_ENUM_CONVERSION = YES;
				CLANG_WARN_INT_CONVERSION = YES;
				CLANG_WARN_OBJC_ROOT_CLASS = YES_ERROR;
				CLANG_WARN_UNREACHABLE_CODE = YES;
				CLANG_WARN__DUPLICATE_METHOD_MATCH = YES;
				"CODE_SIGN_IDENTITY[sdk=iphoneos*]" = "iPhone Developer";
				COPY_PHASE_STRIP = NO;
				DEBUG_INFORMATION_FORMAT = "dwarf-with-dsym";
				ENABLE_STRICT_OBJC_MSGSEND = YES;
				ENABLE_TESTABILITY = YES;
				GCC_C_LANGUAGE_STANDARD = gnu99;
				GCC_DYNAMIC_NO_PIC = NO;
				GCC_NO_COMMON_BLOCKS = YES;
				GCC_OPTIMIZATION_LEVEL = 0;
				GCC_PREPROCESSOR_DEFINITIONS = (
					"DEBUG=1",
					"$(inherited)",
				);
				GCC_SYMBOLS_PRIVATE_EXTERN = NO;
				GCC_WARN_64_TO_32_BIT_CONVERSION = YES;
				GCC_WARN_ABOUT_RETURN_TYPE = YES_ERROR;
				GCC_WARN_UNDECLARED_SELECTOR = YES;
				GCC_WARN_UNINITIALIZED_AUTOS = YES_AGGRESSIVE;
				GCC_WARN_UNUSED_FUNCTION = YES;
				GCC_WARN_UNUSED_VARIABLE = YES;
				IPHONEOS_DEPLOYMENT_TARGET = 8.3;
				MTL_ENABLE_DEBUG_INFO = YES;
				ONLY_ACTIVE_ARCH = YES;
				SDKROOT = iphoneos;
				SWIFT_OPTIMIZATION_LEVEL = "-Onone";
				TARGETED_DEVICE_FAMILY = 2;
			};
			name = Debug;
		};
		24D7F5401B051844000240B5 /* Release */ = {
			isa = XCBuildConfiguration;
			buildSettings = {
				ALWAYS_SEARCH_USER_PATHS = NO;
				CLANG_CXX_LANGUAGE_STANDARD = "gnu++0x";
				CLANG_CXX_LIBRARY = "libc++";
				CLANG_ENABLE_MODULES = YES;
				CLANG_ENABLE_OBJC_ARC = YES;
				CLANG_WARN_BOOL_CONVERSION = YES;
				CLANG_WARN_CONSTANT_CONVERSION = YES;
				CLANG_WARN_DIRECT_OBJC_ISA_USAGE = YES_ERROR;
				CLANG_WARN_EMPTY_BODY = YES;
				CLANG_WARN_ENUM_CONVERSION = YES;
				CLANG_WARN_INT_CONVERSION = YES;
				CLANG_WARN_OBJC_ROOT_CLASS = YES_ERROR;
				CLANG_WARN_UNREACHABLE_CODE = YES;
				CLANG_WARN__DUPLICATE_METHOD_MATCH = YES;
				"CODE_SIGN_IDENTITY[sdk=iphoneos*]" = "iPhone Developer";
				COPY_PHASE_STRIP = NO;
				DEBUG_INFORMATION_FORMAT = "dwarf-with-dsym";
				ENABLE_NS_ASSERTIONS = NO;
				ENABLE_STRICT_OBJC_MSGSEND = YES;
				GCC_C_LANGUAGE_STANDARD = gnu99;
				GCC_NO_COMMON_BLOCKS = YES;
				GCC_WARN_64_TO_32_BIT_CONVERSION = YES;
				GCC_WARN_ABOUT_RETURN_TYPE = YES_ERROR;
				GCC_WARN_UNDECLARED_SELECTOR = YES;
				GCC_WARN_UNINITIALIZED_AUTOS = YES_AGGRESSIVE;
				GCC_WARN_UNUSED_FUNCTION = YES;
				GCC_WARN_UNUSED_VARIABLE = YES;
				IPHONEOS_DEPLOYMENT_TARGET = 8.3;
				MTL_ENABLE_DEBUG_INFO = NO;
				ONLY_ACTIVE_ARCH = NO;
				SDKROOT = iphoneos;
				TARGETED_DEVICE_FAMILY = 2;
				VALIDATE_PRODUCT = YES;
			};
			name = Release;
		};
		24D7F5421B051844000240B5 /* Debug */ = {
			isa = XCBuildConfiguration;
			buildSettings = {
				ASSETCATALOG_COMPILER_APPICON_NAME = AppIcon;
				CODE_SIGN_IDENTITY = "iPhone Developer";
				"CODE_SIGN_IDENTITY[sdk=iphoneos*]" = "iPhone Developer";
				INFOPLIST_FILE = Rocket/Info.plist;
				LD_RUNPATH_SEARCH_PATHS = "$(inherited) @executable_path/Frameworks";
				PRODUCT_BUNDLE_IDENTIFIER = "BEPID.$(PRODUCT_NAME:rfc1034identifier)";
				PRODUCT_NAME = "$(TARGET_NAME)";
				PROVISIONING_PROFILE = "";
			};
			name = Debug;
		};
		24D7F5431B051844000240B5 /* Release */ = {
			isa = XCBuildConfiguration;
			buildSettings = {
				ASSETCATALOG_COMPILER_APPICON_NAME = AppIcon;
				CODE_SIGN_IDENTITY = "iPhone Developer";
				"CODE_SIGN_IDENTITY[sdk=iphoneos*]" = "iPhone Developer";
				INFOPLIST_FILE = Rocket/Info.plist;
				LD_RUNPATH_SEARCH_PATHS = "$(inherited) @executable_path/Frameworks";
				PRODUCT_BUNDLE_IDENTIFIER = "BEPID.$(PRODUCT_NAME:rfc1034identifier)";
				PRODUCT_NAME = "$(TARGET_NAME)";
				PROVISIONING_PROFILE = "";
			};
			name = Release;
		};
		24D7F5451B051844000240B5 /* Debug */ = {
			isa = XCBuildConfiguration;
			buildSettings = {
				BUNDLE_LOADER = "$(TEST_HOST)";
				FRAMEWORK_SEARCH_PATHS = (
					"$(SDKROOT)/Developer/Library/Frameworks",
					"$(inherited)",
				);
				GCC_PREPROCESSOR_DEFINITIONS = (
					"DEBUG=1",
					"$(inherited)",
				);
				INFOPLIST_FILE = RocketTests/Info.plist;
				LD_RUNPATH_SEARCH_PATHS = "$(inherited) @executable_path/Frameworks @loader_path/Frameworks";
				PRODUCT_BUNDLE_IDENTIFIER = "BEPID.$(PRODUCT_NAME:rfc1034identifier)";
				PRODUCT_NAME = "$(TARGET_NAME)";
				TEST_HOST = "$(BUILT_PRODUCTS_DIR)/Rocket.app/Rocket";
			};
			name = Debug;
		};
		24D7F5461B051844000240B5 /* Release */ = {
			isa = XCBuildConfiguration;
			buildSettings = {
				BUNDLE_LOADER = "$(TEST_HOST)";
				FRAMEWORK_SEARCH_PATHS = (
					"$(SDKROOT)/Developer/Library/Frameworks",
					"$(inherited)",
				);
				INFOPLIST_FILE = RocketTests/Info.plist;
				LD_RUNPATH_SEARCH_PATHS = "$(inherited) @executable_path/Frameworks @loader_path/Frameworks";
				PRODUCT_BUNDLE_IDENTIFIER = "BEPID.$(PRODUCT_NAME:rfc1034identifier)";
				PRODUCT_NAME = "$(TARGET_NAME)";
				TEST_HOST = "$(BUILT_PRODUCTS_DIR)/Rocket.app/Rocket";
			};
			name = Release;
		};
/* End XCBuildConfiguration section */

/* Begin XCConfigurationList section */
		24D7F5191B051844000240B5 /* Build configuration list for PBXProject "Rocket" */ = {
			isa = XCConfigurationList;
			buildConfigurations = (
				24D7F53F1B051844000240B5 /* Debug */,
				24D7F5401B051844000240B5 /* Release */,
			);
			defaultConfigurationIsVisible = 0;
			defaultConfigurationName = Release;
		};
		24D7F5411B051844000240B5 /* Build configuration list for PBXNativeTarget "Rocket" */ = {
			isa = XCConfigurationList;
			buildConfigurations = (
				24D7F5421B051844000240B5 /* Debug */,
				24D7F5431B051844000240B5 /* Release */,
			);
			defaultConfigurationIsVisible = 0;
			defaultConfigurationName = Release;
		};
		24D7F5441B051844000240B5 /* Build configuration list for PBXNativeTarget "RocketTests" */ = {
			isa = XCConfigurationList;
			buildConfigurations = (
				24D7F5451B051844000240B5 /* Debug */,
				24D7F5461B051844000240B5 /* Release */,
			);
			defaultConfigurationIsVisible = 0;
			defaultConfigurationName = Release;
		};
/* End XCConfigurationList section */

/* Begin XCVersionGroup section */
		52E63ADA1B16A6D500C4DADD /* Model.xcdatamodeld */ = {
			isa = XCVersionGroup;
			children = (
				52E63ADB1B16A6D500C4DADD /* Model.xcdatamodel */,
			);
			currentVersion = 52E63ADB1B16A6D500C4DADD /* Model.xcdatamodel */;
			path = Model.xcdatamodeld;
			sourceTree = "<group>";
			versionGroupType = wrapper.xcdatamodel;
		};
/* End XCVersionGroup section */
	};
	rootObject = 24D7F5161B051844000240B5 /* Project object */;
}
